
Microsoft Visual Studio Solution File, Format Version 12.00
# Visual Studio Version 16
VisualStudioVersion = 16.0.30128.74
MinimumVisualStudioVersion = 10.0.40219.1
Project("{FAE04EC0-301F-11D3-BF4B-00C04F79EFBC}") = "CalastoneWordFilterer", "CalastoneWordFilters\CalastoneWordFilterer.csproj", "{88B637A9-6ED0-4662-9D7E-541A771517B0}"
EndProject
Project("{FAE04EC0-301F-11D3-BF4B-00C04F79EFBC}") = "WordFiltererTestProject", "WordFiltererTestProject\WordFiltererTestProject.csproj", "{6130C9FF-6974-4A33-84BC-31E7552619D5}"
EndProject
Global
	GlobalSection(SolutionConfigurationPlatforms) = preSolution
		Debug|Any CPU = Debug|Any CPU
		Release|Any CPU = Release|Any CPU
	EndGlobalSection
	GlobalSection(ProjectConfigurationPlatforms) = postSolution
		{88B637A9-6ED0-4662-9D7E-541A771517B0}.Debug|Any CPU.ActiveCfg = Debug|Any CPU
		{88B637A9-6ED0-4662-9D7E-541A771517B0}.Debug|Any CPU.Build.0 = Debug|Any CPU
		{88B637A9-6ED0-4662-9D7E-541A771517B0}.Release|Any CPU.ActiveCfg = Release|Any CPU
		{88B637A9-6ED0-4662-9D7E-541A771517B0}.Release|Any CPU.Build.0 = Release|Any CPU
		{6130C9FF-6974-4A33-84BC-31E7552619D5}.Debug|Any CPU.ActiveCfg = Debug|Any CPU
		{6130C9FF-6974-4A33-84BC-31E7552619D5}.Debug|Any CPU.Build.0 = Debug|Any CPU
		{6130C9FF-6974-4A33-84BC-31E7552619D5}.Release|Any CPU.ActiveCfg = Release|Any CPU
		{6130C9FF-6974-4A33-84BC-31E7552619D5}.Release|Any CPU.Build.0 = Release|Any CPU
	EndGlobalSection
	GlobalSection(SolutionProperties) = preSolution
		HideSolutionNode = FALSE
	EndGlobalSection
	GlobalSection(ExtensibilityGlobals) = postSolution
		SolutionGuid = {602BA81C-7119-437A-8435-AF0F750BFFD8}
	EndGlobalSection
EndGlobal
